
Microsoft Visual Studio Solution File, Format Version 12.00
Project("{FAE04EC0-301F-11D3-BF4B-00C04F79EFBC}") = "AdventCodeSolutions", "AdventCodeSolutions\AdventCodeSolutions.csproj", "{EE842525-373F-4ABE-B691-F156324C0BFE}"
EndProject
Global
	GlobalSection(SolutionConfigurationPlatforms) = preSolution
		Debug|Any CPU = Debug|Any CPU
		Release|Any CPU = Release|Any CPU
	EndGlobalSection
	GlobalSection(ProjectConfigurationPlatforms) = postSolution
		{EE842525-373F-4ABE-B691-F156324C0BFE}.Debug|Any CPU.ActiveCfg = Debug|Any CPU
		{EE842525-373F-4ABE-B691-F156324C0BFE}.Debug|Any CPU.Build.0 = Debug|Any CPU
		{EE842525-373F-4ABE-B691-F156324C0BFE}.Release|Any CPU.ActiveCfg = Release|Any CPU
		{EE842525-373F-4ABE-B691-F156324C0BFE}.Release|Any CPU.Build.0 = Release|Any CPU
	EndGlobalSection
EndGlobal
